
Microsoft Visual Studio Solution File, Format Version 12.00
# Visual Studio 15
VisualStudioVersion = 15.0.28307.902
MinimumVisualStudioVersion = 10.0.40219.1
Project("{8BC9CEB8-8B4A-11D0-8D11-00A0C91BC942}") = "1.1 函数指针", "c++_program(pku)\c++_program(pku).vcxproj", "{34D243F8-5D76-4836-A999-43707E504232}"
EndProject
Project("{8BC9CEB8-8B4A-11D0-8D11-00A0C91BC942}") = "1.1 函数指针2", "1.1 函数指针2\1.1 函数指针2.vcxproj", "{7149793F-52E6-4F6F-9008-3EEB0209146E}"
EndProject
Project("{8BC9CEB8-8B4A-11D0-8D11-00A0C91BC942}") = "1.2 命令行参数", "1.2 命令行参数\1.2 命令行参数.vcxproj", "{E95FA096-9696-4744-840D-FACA3A7DA8C9}"
EndProject
Project("{8BC9CEB8-8B4A-11D0-8D11-00A0C91BC942}") = "1.3  位运算", "1.3  位运算\1.3  位运算.vcxproj", "{E57C97A4-40FD-46E2-AB83-84D3C0E533DA}"
EndProject
Project("{8BC9CEB8-8B4A-11D0-8D11-00A0C91BC942}") = "1.4 引用", "1.4 引用\1.4 引用.vcxproj", "{B02CB09F-9E5B-4212-9BDF-79AF154DD6F7}"
EndProject
Project("{8BC9CEB8-8B4A-11D0-8D11-00A0C91BC942}") = "1.8缺省参数", "1.8缺省参数\1.8缺省参数.vcxproj", "{142DC9C5-B102-4A19-9AA7-F3FA5A9AE75D}"
EndProject
Project("{8BC9CEB8-8B4A-11D0-8D11-00A0C91BC942}") = "3.1 复制构造函数", "3.1 复制构造函数\3.1 复制构造函数.vcxproj", "{00400A0A-B6BF-4EF2-9335-03948F27B3B5}"
EndProject
Project("{8BC9CEB8-8B4A-11D0-8D11-00A0C91BC942}") = "3.2 类型转化构造函数", "3.2 类型转化构造函数\3.2 类型转化构造函数.vcxproj", "{CF8535A5-33EB-456E-BC53-27A9F0626CE5}"
EndProject
Project("{8BC9CEB8-8B4A-11D0-8D11-00A0C91BC942}") = "3.3 析构函数", "1.3 析构函数\1.3 析构函数.vcxproj", "{8164283F-D66D-4ABD-B4E6-6E66A351CCE1}"
EndProject
Project("{8BC9CEB8-8B4A-11D0-8D11-00A0C91BC942}") = "3-7 this指针", "3-9 this指针\3-9 this指针.vcxproj", "{B915E133-6A25-415A-A3DF-BD6442905315}"
EndProject
Project("{8BC9CEB8-8B4A-11D0-8D11-00A0C91BC942}") = "3-8 常量成员函数", "3-8 常量成员函数\3-8 常量成员函数.vcxproj", "{AE52CA91-6E6C-43E9-8FD2-453F3BC30B60}"
EndProject
Project("{8BC9CEB8-8B4A-11D0-8D11-00A0C91BC942}") = "4.5 流插入重载", "4.5 流插入重载\4.5 流插入重载.vcxproj", "{7AE62DFF-5037-409F-979B-79EF5F859D31}"
EndProject
Project("{8BC9CEB8-8B4A-11D0-8D11-00A0C91BC942}") = "4.6 自加自减重载", "4.6 自加自减重载\4.6 自加自减重载.vcxproj", "{68806B19-C41F-4C6E-A7AF-D9EAEAF13DDD}"
EndProject
Project("{8BC9CEB8-8B4A-11D0-8D11-00A0C91BC942}") = "5.1 继承与多态", "5.1 继承与多态\5.1 继承与多态.vcxproj", "{1302A31A-192F-4CAF-A7CA-CA84DF1EB6D4}"
EndProject
Project("{8BC9CEB8-8B4A-11D0-8D11-00A0C91BC942}") = "6.6 纯虚函数和抽象类", "6.6 纯虚函数和抽象类\6.6 纯虚函数和抽象类.vcxproj", "{F7EEA886-B535-460F-BEB1-BD1158660292}"
EndProject
Project("{8BC9CEB8-8B4A-11D0-8D11-00A0C91BC942}") = "6-5  虚析构函数", "6-5  虚析构函数\6-5  虚析构函数.vcxproj", "{3905B40C-D854-43CC-94B3-7D862C08357A}"
EndProject
Project("{8BC9CEB8-8B4A-11D0-8D11-00A0C91BC942}") = "6-3  更多多态程序例子", "6-3  更多多态程序例子\6-3  更多多态程序例子.vcxproj", "{6F167543-C708-4C63-9B6C-2C86CFF95D6E}"
EndProject
Project("{8BC9CEB8-8B4A-11D0-8D11-00A0C91BC942}") = "7.1  二进制文件读写-写", "7.1  二进制文件读写-写\7.1  二进制文件读写-写.vcxproj", "{89221674-C1C4-43BF-A3C6-9C3237F3633D}"
EndProject
Project("{8BC9CEB8-8B4A-11D0-8D11-00A0C91BC942}") = "7.1  读", "7-1  读\7-1  读.vcxproj", "{08C0140F-49BC-4E82-8C99-B8E9205F896A}"
EndProject
Project("{8BC9CEB8-8B4A-11D0-8D11-00A0C91BC942}") = "7.2 函数模板", "7.2 函数模板\7.2 函数模板.vcxproj", "{DFFEEAF4-221B-42AC-9D1E-CA0C2A327834}"
EndProject
Project("{8BC9CEB8-8B4A-11D0-8D11-00A0C91BC942}") = "7.2 函数模板-2", "7.2 函数模板-2\7.2 函数模板-2.vcxproj", "{97C8EE1B-B0A0-4F6F-BAFC-B51EEDD8EA21}"
EndProject
Project("{8BC9CEB8-8B4A-11D0-8D11-00A0C91BC942}") = "7.3 类模板", "类模板\类模板.vcxproj", "{9BDF24CF-58F6-441D-BE4C-6FA53CBDDFAD}"
EndProject
Project("{8BC9CEB8-8B4A-11D0-8D11-00A0C91BC942}") = "7.4  string", "7.4  string\7.4  string.vcxproj", "{A1C400B0-925D-4737-9E87-7CCA37C12280}"
EndProject
Project("{8BC9CEB8-8B4A-11D0-8D11-00A0C91BC942}") = "7.5  输入输出类", "7.5  输入输出类\7.5  输入输出类.vcxproj", "{BB12B184-BF15-44C8-A342-FDF6C23A8FD5}"
EndProject
Project("{8BC9CEB8-8B4A-11D0-8D11-00A0C91BC942}") = "7.5  输入输出流", "7.5  输入输出流\7.5  输入输出流.vcxproj", "{8E06A88A-3518-4F89-9BE9-A11368C6D1AD}"
EndProject
Project("{8BC9CEB8-8B4A-11D0-8D11-00A0C91BC942}") = "10.4", "10.4\10.4.vcxproj", "{4403EB76-5138-4BF0-A95B-F076C9D0956E}"
EndProject
Project("{8BC9CEB8-8B4A-11D0-8D11-00A0C91BC942}") = "10.2 c++新特性-lamda表达式", "10.2 c++新特性-lamda表达式\10.2 c++新特性-lamda表达式.vcxproj", "{3293B699-2373-45EB-B723-78E5341D6179}"
EndProject
Project("{8BC9CEB8-8B4A-11D0-8D11-00A0C91BC942}") = "10.2 c++新特性-lamda表达式-2", "10.2 c++新特性-lamda表达式-2\10.2 c++新特性-lamda表达式-2.vcxproj", "{F7FA1923-58C1-4E03-9EC5-74FD2A4E034B}"
EndProject
Project("{8BC9CEB8-8B4A-11D0-8D11-00A0C91BC942}") = "10.1  c++新特性", "10.1  c++新特性\10.1  c++新特性.vcxproj", "{CFD762A8-81BC-4D5E-8A4C-A06D0D8CD4FB}"
EndProject
Project("{8BC9CEB8-8B4A-11D0-8D11-00A0C91BC942}") = "10.1  c++新特性-2", "10.1  c++新特性-2\10.1  c++新特性-2.vcxproj", "{3E6F56ED-CBD2-44ED-9DF4-CF5DFD9BC143}"
EndProject
Project("{8BC9CEB8-8B4A-11D0-8D11-00A0C91BC942}") = "8.5 函数对象", "8.5 函数对象\8.5 函数对象.vcxproj", "{B6A9B695-E530-418B-ABAB-88E442381C26}"
EndProject
Global
	GlobalSection(SolutionConfigurationPlatforms) = preSolution
		Debug|x64 = Debug|x64
		Debug|x86 = Debug|x86
		Release|x64 = Release|x64
		Release|x86 = Release|x86
	EndGlobalSection
	GlobalSection(ProjectConfigurationPlatforms) = postSolution
		{34D243F8-5D76-4836-A999-43707E504232}.Debug|x64.ActiveCfg = Debug|x64
		{34D243F8-5D76-4836-A999-43707E504232}.Debug|x64.Build.0 = Debug|x64
		{34D243F8-5D76-4836-A999-43707E504232}.Debug|x86.ActiveCfg = Debug|Win32
		{34D243F8-5D76-4836-A999-43707E504232}.Debug|x86.Build.0 = Debug|Win32
		{34D243F8-5D76-4836-A999-43707E504232}.Release|x64.ActiveCfg = Release|x64
		{34D243F8-5D76-4836-A999-43707E504232}.Release|x64.Build.0 = Release|x64
		{34D243F8-5D76-4836-A999-43707E504232}.Release|x86.ActiveCfg = Release|Win32
		{34D243F8-5D76-4836-A999-43707E504232}.Release|x86.Build.0 = Release|Win32
		{7149793F-52E6-4F6F-9008-3EEB0209146E}.Debug|x64.ActiveCfg = Debug|x64
		{7149793F-52E6-4F6F-9008-3EEB0209146E}.Debug|x64.Build.0 = Debug|x64
		{7149793F-52E6-4F6F-9008-3EEB0209146E}.Debug|x86.ActiveCfg = Debug|Win32
		{7149793F-52E6-4F6F-9008-3EEB0209146E}.Debug|x86.Build.0 = Debug|Win32
		{7149793F-52E6-4F6F-9008-3EEB0209146E}.Release|x64.ActiveCfg = Release|x64
		{7149793F-52E6-4F6F-9008-3EEB0209146E}.Release|x64.Build.0 = Release|x64
		{7149793F-52E6-4F6F-9008-3EEB0209146E}.Release|x86.ActiveCfg = Release|Win32
		{7149793F-52E6-4F6F-9008-3EEB0209146E}.Release|x86.Build.0 = Release|Win32
		{E95FA096-9696-4744-840D-FACA3A7DA8C9}.Debug|x64.ActiveCfg = Debug|x64
		{E95FA096-9696-4744-840D-FACA3A7DA8C9}.Debug|x64.Build.0 = Debug|x64
		{E95FA096-9696-4744-840D-FACA3A7DA8C9}.Debug|x86.ActiveCfg = Debug|Win32
		{E95FA096-9696-4744-840D-FACA3A7DA8C9}.Debug|x86.Build.0 = Debug|Win32
		{E95FA096-9696-4744-840D-FACA3A7DA8C9}.Release|x64.ActiveCfg = Release|x64
		{E95FA096-9696-4744-840D-FACA3A7DA8C9}.Release|x64.Build.0 = Release|x64
		{E95FA096-9696-4744-840D-FACA3A7DA8C9}.Release|x86.ActiveCfg = Release|Win32
		{E95FA096-9696-4744-840D-FACA3A7DA8C9}.Release|x86.Build.0 = Release|Win32
		{E57C97A4-40FD-46E2-AB83-84D3C0E533DA}.Debug|x64.ActiveCfg = Debug|x64
		{E57C97A4-40FD-46E2-AB83-84D3C0E533DA}.Debug|x64.Build.0 = Debug|x64
		{E57C97A4-40FD-46E2-AB83-84D3C0E533DA}.Debug|x86.ActiveCfg = Debug|Win32
		{E57C97A4-40FD-46E2-AB83-84D3C0E533DA}.Debug|x86.Build.0 = Debug|Win32
		{E57C97A4-40FD-46E2-AB83-84D3C0E533DA}.Release|x64.ActiveCfg = Release|x64
		{E57C97A4-40FD-46E2-AB83-84D3C0E533DA}.Release|x64.Build.0 = Release|x64
		{E57C97A4-40FD-46E2-AB83-84D3C0E533DA}.Release|x86.ActiveCfg = Release|Win32
		{E57C97A4-40FD-46E2-AB83-84D3C0E533DA}.Release|x86.Build.0 = Release|Win32
		{B02CB09F-9E5B-4212-9BDF-79AF154DD6F7}.Debug|x64.ActiveCfg = Debug|x64
		{B02CB09F-9E5B-4212-9BDF-79AF154DD6F7}.Debug|x64.Build.0 = Debug|x64
		{B02CB09F-9E5B-4212-9BDF-79AF154DD6F7}.Debug|x86.ActiveCfg = Debug|Win32
		{B02CB09F-9E5B-4212-9BDF-79AF154DD6F7}.Debug|x86.Build.0 = Debug|Win32
		{B02CB09F-9E5B-4212-9BDF-79AF154DD6F7}.Release|x64.ActiveCfg = Release|x64
		{B02CB09F-9E5B-4212-9BDF-79AF154DD6F7}.Release|x64.Build.0 = Release|x64
		{B02CB09F-9E5B-4212-9BDF-79AF154DD6F7}.Release|x86.ActiveCfg = Release|Win32
		{B02CB09F-9E5B-4212-9BDF-79AF154DD6F7}.Release|x86.Build.0 = Release|Win32
		{142DC9C5-B102-4A19-9AA7-F3FA5A9AE75D}.Debug|x64.ActiveCfg = Debug|x64
		{142DC9C5-B102-4A19-9AA7-F3FA5A9AE75D}.Debug|x64.Build.0 = Debug|x64
		{142DC9C5-B102-4A19-9AA7-F3FA5A9AE75D}.Debug|x86.ActiveCfg = Debug|Win32
		{142DC9C5-B102-4A19-9AA7-F3FA5A9AE75D}.Debug|x86.Build.0 = Debug|Win32
		{142DC9C5-B102-4A19-9AA7-F3FA5A9AE75D}.Release|x64.ActiveCfg = Release|x64
		{142DC9C5-B102-4A19-9AA7-F3FA5A9AE75D}.Release|x64.Build.0 = Release|x64
		{142DC9C5-B102-4A19-9AA7-F3FA5A9AE75D}.Release|x86.ActiveCfg = Release|Win32
		{142DC9C5-B102-4A19-9AA7-F3FA5A9AE75D}.Release|x86.Build.0 = Release|Win32
		{00400A0A-B6BF-4EF2-9335-03948F27B3B5}.Debug|x64.ActiveCfg = Debug|x64
		{00400A0A-B6BF-4EF2-9335-03948F27B3B5}.Debug|x64.Build.0 = Debug|x64
		{00400A0A-B6BF-4EF2-9335-03948F27B3B5}.Debug|x86.ActiveCfg = Debug|Win32
		{00400A0A-B6BF-4EF2-9335-03948F27B3B5}.Debug|x86.Build.0 = Debug|Win32
		{00400A0A-B6BF-4EF2-9335-03948F27B3B5}.Release|x64.ActiveCfg = Release|x64
		{00400A0A-B6BF-4EF2-9335-03948F27B3B5}.Release|x64.Build.0 = Release|x64
		{00400A0A-B6BF-4EF2-9335-03948F27B3B5}.Release|x86.ActiveCfg = Release|Win32
		{00400A0A-B6BF-4EF2-9335-03948F27B3B5}.Release|x86.Build.0 = Release|Win32
		{CF8535A5-33EB-456E-BC53-27A9F0626CE5}.Debug|x64.ActiveCfg = Debug|x64
		{CF8535A5-33EB-456E-BC53-27A9F0626CE5}.Debug|x64.Build.0 = Debug|x64
		{CF8535A5-33EB-456E-BC53-27A9F0626CE5}.Debug|x86.ActiveCfg = Debug|Win32
		{CF8535A5-33EB-456E-BC53-27A9F0626CE5}.Debug|x86.Build.0 = Debug|Win32
		{CF8535A5-33EB-456E-BC53-27A9F0626CE5}.Release|x64.ActiveCfg = Release|x64
		{CF8535A5-33EB-456E-BC53-27A9F0626CE5}.Release|x64.Build.0 = Release|x64
		{CF8535A5-33EB-456E-BC53-27A9F0626CE5}.Release|x86.ActiveCfg = Release|Win32
		{CF8535A5-33EB-456E-BC53-27A9F0626CE5}.Release|x86.Build.0 = Release|Win32
		{8164283F-D66D-4ABD-B4E6-6E66A351CCE1}.Debug|x64.ActiveCfg = Debug|x64
		{8164283F-D66D-4ABD-B4E6-6E66A351CCE1}.Debug|x64.Build.0 = Debug|x64
		{8164283F-D66D-4ABD-B4E6-6E66A351CCE1}.Debug|x86.ActiveCfg = Debug|Win32
		{8164283F-D66D-4ABD-B4E6-6E66A351CCE1}.Debug|x86.Build.0 = Debug|Win32
		{8164283F-D66D-4ABD-B4E6-6E66A351CCE1}.Release|x64.ActiveCfg = Release|x64
		{8164283F-D66D-4ABD-B4E6-6E66A351CCE1}.Release|x64.Build.0 = Release|x64
		{8164283F-D66D-4ABD-B4E6-6E66A351CCE1}.Release|x86.ActiveCfg = Release|Win32
		{8164283F-D66D-4ABD-B4E6-6E66A351CCE1}.Release|x86.Build.0 = Release|Win32
		{B915E133-6A25-415A-A3DF-BD6442905315}.Debug|x64.ActiveCfg = Debug|x64
		{B915E133-6A25-415A-A3DF-BD6442905315}.Debug|x64.Build.0 = Debug|x64
		{B915E133-6A25-415A-A3DF-BD6442905315}.Debug|x86.ActiveCfg = Debug|Win32
		{B915E133-6A25-415A-A3DF-BD6442905315}.Debug|x86.Build.0 = Debug|Win32
		{B915E133-6A25-415A-A3DF-BD6442905315}.Release|x64.ActiveCfg = Release|x64
		{B915E133-6A25-415A-A3DF-BD6442905315}.Release|x64.Build.0 = Release|x64
		{B915E133-6A25-415A-A3DF-BD6442905315}.Release|x86.ActiveCfg = Release|Win32
		{B915E133-6A25-415A-A3DF-BD6442905315}.Release|x86.Build.0 = Release|Win32
		{AE52CA91-6E6C-43E9-8FD2-453F3BC30B60}.Debug|x64.ActiveCfg = Debug|x64
		{AE52CA91-6E6C-43E9-8FD2-453F3BC30B60}.Debug|x64.Build.0 = Debug|x64
		{AE52CA91-6E6C-43E9-8FD2-453F3BC30B60}.Debug|x86.ActiveCfg = Debug|Win32
		{AE52CA91-6E6C-43E9-8FD2-453F3BC30B60}.Debug|x86.Build.0 = Debug|Win32
		{AE52CA91-6E6C-43E9-8FD2-453F3BC30B60}.Release|x64.ActiveCfg = Release|x64
		{AE52CA91-6E6C-43E9-8FD2-453F3BC30B60}.Release|x64.Build.0 = Release|x64
		{AE52CA91-6E6C-43E9-8FD2-453F3BC30B60}.Release|x86.ActiveCfg = Release|Win32
		{AE52CA91-6E6C-43E9-8FD2-453F3BC30B60}.Release|x86.Build.0 = Release|Win32
		{7AE62DFF-5037-409F-979B-79EF5F859D31}.Debug|x64.ActiveCfg = Debug|x64
		{7AE62DFF-5037-409F-979B-79EF5F859D31}.Debug|x64.Build.0 = Debug|x64
		{7AE62DFF-5037-409F-979B-79EF5F859D31}.Debug|x86.ActiveCfg = Debug|Win32
		{7AE62DFF-5037-409F-979B-79EF5F859D31}.Debug|x86.Build.0 = Debug|Win32
		{7AE62DFF-5037-409F-979B-79EF5F859D31}.Release|x64.ActiveCfg = Release|x64
		{7AE62DFF-5037-409F-979B-79EF5F859D31}.Release|x64.Build.0 = Release|x64
		{7AE62DFF-5037-409F-979B-79EF5F859D31}.Release|x86.ActiveCfg = Release|Win32
		{7AE62DFF-5037-409F-979B-79EF5F859D31}.Release|x86.Build.0 = Release|Win32
		{68806B19-C41F-4C6E-A7AF-D9EAEAF13DDD}.Debug|x64.ActiveCfg = Debug|x64
		{68806B19-C41F-4C6E-A7AF-D9EAEAF13DDD}.Debug|x64.Build.0 = Debug|x64
		{68806B19-C41F-4C6E-A7AF-D9EAEAF13DDD}.Debug|x86.ActiveCfg = Debug|Win32
		{68806B19-C41F-4C6E-A7AF-D9EAEAF13DDD}.Debug|x86.Build.0 = Debug|Win32
		{68806B19-C41F-4C6E-A7AF-D9EAEAF13DDD}.Release|x64.ActiveCfg = Release|x64
		{68806B19-C41F-4C6E-A7AF-D9EAEAF13DDD}.Release|x64.Build.0 = Release|x64
		{68806B19-C41F-4C6E-A7AF-D9EAEAF13DDD}.Release|x86.ActiveCfg = Release|Win32
		{68806B19-C41F-4C6E-A7AF-D9EAEAF13DDD}.Release|x86.Build.0 = Release|Win32
		{1302A31A-192F-4CAF-A7CA-CA84DF1EB6D4}.Debug|x64.ActiveCfg = Debug|x64
		{1302A31A-192F-4CAF-A7CA-CA84DF1EB6D4}.Debug|x64.Build.0 = Debug|x64
		{1302A31A-192F-4CAF-A7CA-CA84DF1EB6D4}.Debug|x86.ActiveCfg = Debug|Win32
		{1302A31A-192F-4CAF-A7CA-CA84DF1EB6D4}.Debug|x86.Build.0 = Debug|Win32
		{1302A31A-192F-4CAF-A7CA-CA84DF1EB6D4}.Release|x64.ActiveCfg = Release|x64
		{1302A31A-192F-4CAF-A7CA-CA84DF1EB6D4}.Release|x64.Build.0 = Release|x64
		{1302A31A-192F-4CAF-A7CA-CA84DF1EB6D4}.Release|x86.ActiveCfg = Release|Win32
		{1302A31A-192F-4CAF-A7CA-CA84DF1EB6D4}.Release|x86.Build.0 = Release|Win32
		{F7EEA886-B535-460F-BEB1-BD1158660292}.Debug|x64.ActiveCfg = Debug|x64
		{F7EEA886-B535-460F-BEB1-BD1158660292}.Debug|x64.Build.0 = Debug|x64
		{F7EEA886-B535-460F-BEB1-BD1158660292}.Debug|x86.ActiveCfg = Debug|Win32
		{F7EEA886-B535-460F-BEB1-BD1158660292}.Debug|x86.Build.0 = Debug|Win32
		{F7EEA886-B535-460F-BEB1-BD1158660292}.Release|x64.ActiveCfg = Release|x64
		{F7EEA886-B535-460F-BEB1-BD1158660292}.Release|x64.Build.0 = Release|x64
		{F7EEA886-B535-460F-BEB1-BD1158660292}.Release|x86.ActiveCfg = Release|Win32
		{F7EEA886-B535-460F-BEB1-BD1158660292}.Release|x86.Build.0 = Release|Win32
		{3905B40C-D854-43CC-94B3-7D862C08357A}.Debug|x64.ActiveCfg = Debug|x64
		{3905B40C-D854-43CC-94B3-7D862C08357A}.Debug|x64.Build.0 = Debug|x64
		{3905B40C-D854-43CC-94B3-7D862C08357A}.Debug|x86.ActiveCfg = Debug|Win32
		{3905B40C-D854-43CC-94B3-7D862C08357A}.Debug|x86.Build.0 = Debug|Win32
		{3905B40C-D854-43CC-94B3-7D862C08357A}.Release|x64.ActiveCfg = Release|x64
		{3905B40C-D854-43CC-94B3-7D862C08357A}.Release|x64.Build.0 = Release|x64
		{3905B40C-D854-43CC-94B3-7D862C08357A}.Release|x86.ActiveCfg = Release|Win32
		{3905B40C-D854-43CC-94B3-7D862C08357A}.Release|x86.Build.0 = Release|Win32
		{6F167543-C708-4C63-9B6C-2C86CFF95D6E}.Debug|x64.ActiveCfg = Debug|x64
		{6F167543-C708-4C63-9B6C-2C86CFF95D6E}.Debug|x64.Build.0 = Debug|x64
		{6F167543-C708-4C63-9B6C-2C86CFF95D6E}.Debug|x86.ActiveCfg = Debug|Win32
		{6F167543-C708-4C63-9B6C-2C86CFF95D6E}.Debug|x86.Build.0 = Debug|Win32
		{6F167543-C708-4C63-9B6C-2C86CFF95D6E}.Release|x64.ActiveCfg = Release|x64
		{6F167543-C708-4C63-9B6C-2C86CFF95D6E}.Release|x64.Build.0 = Release|x64
		{6F167543-C708-4C63-9B6C-2C86CFF95D6E}.Release|x86.ActiveCfg = Release|Win32
		{6F167543-C708-4C63-9B6C-2C86CFF95D6E}.Release|x86.Build.0 = Release|Win32
		{89221674-C1C4-43BF-A3C6-9C3237F3633D}.Debug|x64.ActiveCfg = Debug|x64
		{89221674-C1C4-43BF-A3C6-9C3237F3633D}.Debug|x64.Build.0 = Debug|x64
		{89221674-C1C4-43BF-A3C6-9C3237F3633D}.Debug|x86.ActiveCfg = Debug|Win32
		{89221674-C1C4-43BF-A3C6-9C3237F3633D}.Debug|x86.Build.0 = Debug|Win32
		{89221674-C1C4-43BF-A3C6-9C3237F3633D}.Release|x64.ActiveCfg = Release|x64
		{89221674-C1C4-43BF-A3C6-9C3237F3633D}.Release|x64.Build.0 = Release|x64
		{89221674-C1C4-43BF-A3C6-9C3237F3633D}.Release|x86.ActiveCfg = Release|Win32
		{89221674-C1C4-43BF-A3C6-9C3237F3633D}.Release|x86.Build.0 = Release|Win32
		{08C0140F-49BC-4E82-8C99-B8E9205F896A}.Debug|x64.ActiveCfg = Debug|x64
		{08C0140F-49BC-4E82-8C99-B8E9205F896A}.Debug|x64.Build.0 = Debug|x64
		{08C0140F-49BC-4E82-8C99-B8E9205F896A}.Debug|x86.ActiveCfg = Debug|Win32
		{08C0140F-49BC-4E82-8C99-B8E9205F896A}.Debug|x86.Build.0 = Debug|Win32
		{08C0140F-49BC-4E82-8C99-B8E9205F896A}.Release|x64.ActiveCfg = Release|x64
		{08C0140F-49BC-4E82-8C99-B8E9205F896A}.Release|x64.Build.0 = Release|x64
		{08C0140F-49BC-4E82-8C99-B8E9205F896A}.Release|x86.ActiveCfg = Release|Win32
		{08C0140F-49BC-4E82-8C99-B8E9205F896A}.Release|x86.Build.0 = Release|Win32
		{DFFEEAF4-221B-42AC-9D1E-CA0C2A327834}.Debug|x64.ActiveCfg = Debug|x64
		{DFFEEAF4-221B-42AC-9D1E-CA0C2A327834}.Debug|x64.Build.0 = Debug|x64
		{DFFEEAF4-221B-42AC-9D1E-CA0C2A327834}.Debug|x86.ActiveCfg = Debug|Win32
		{DFFEEAF4-221B-42AC-9D1E-CA0C2A327834}.Debug|x86.Build.0 = Debug|Win32
		{DFFEEAF4-221B-42AC-9D1E-CA0C2A327834}.Release|x64.ActiveCfg = Release|x64
		{DFFEEAF4-221B-42AC-9D1E-CA0C2A327834}.Release|x64.Build.0 = Release|x64
		{DFFEEAF4-221B-42AC-9D1E-CA0C2A327834}.Release|x86.ActiveCfg = Release|Win32
		{DFFEEAF4-221B-42AC-9D1E-CA0C2A327834}.Release|x86.Build.0 = Release|Win32
		{97C8EE1B-B0A0-4F6F-BAFC-B51EEDD8EA21}.Debug|x64.ActiveCfg = Debug|x64
		{97C8EE1B-B0A0-4F6F-BAFC-B51EEDD8EA21}.Debug|x64.Build.0 = Debug|x64
		{97C8EE1B-B0A0-4F6F-BAFC-B51EEDD8EA21}.Debug|x86.ActiveCfg = Debug|Win32
		{97C8EE1B-B0A0-4F6F-BAFC-B51EEDD8EA21}.Debug|x86.Build.0 = Debug|Win32
		{97C8EE1B-B0A0-4F6F-BAFC-B51EEDD8EA21}.Release|x64.ActiveCfg = Release|x64
		{97C8EE1B-B0A0-4F6F-BAFC-B51EEDD8EA21}.Release|x64.Build.0 = Release|x64
		{97C8EE1B-B0A0-4F6F-BAFC-B51EEDD8EA21}.Release|x86.ActiveCfg = Release|Win32
		{97C8EE1B-B0A0-4F6F-BAFC-B51EEDD8EA21}.Release|x86.Build.0 = Release|Win32
		{9BDF24CF-58F6-441D-BE4C-6FA53CBDDFAD}.Debug|x64.ActiveCfg = Debug|x64
		{9BDF24CF-58F6-441D-BE4C-6FA53CBDDFAD}.Debug|x64.Build.0 = Debug|x64
		{9BDF24CF-58F6-441D-BE4C-6FA53CBDDFAD}.Debug|x86.ActiveCfg = Debug|Win32
		{9BDF24CF-58F6-441D-BE4C-6FA53CBDDFAD}.Debug|x86.Build.0 = Debug|Win32
		{9BDF24CF-58F6-441D-BE4C-6FA53CBDDFAD}.Release|x64.ActiveCfg = Release|x64
		{9BDF24CF-58F6-441D-BE4C-6FA53CBDDFAD}.Release|x64.Build.0 = Release|x64
		{9BDF24CF-58F6-441D-BE4C-6FA53CBDDFAD}.Release|x86.ActiveCfg = Release|Win32
		{9BDF24CF-58F6-441D-BE4C-6FA53CBDDFAD}.Release|x86.Build.0 = Release|Win32
		{A1C400B0-925D-4737-9E87-7CCA37C12280}.Debug|x64.ActiveCfg = Debug|x64
		{A1C400B0-925D-4737-9E87-7CCA37C12280}.Debug|x64.Build.0 = Debug|x64
		{A1C400B0-925D-4737-9E87-7CCA37C12280}.Debug|x86.ActiveCfg = Debug|Win32
		{A1C400B0-925D-4737-9E87-7CCA37C12280}.Debug|x86.Build.0 = Debug|Win32
		{A1C400B0-925D-4737-9E87-7CCA37C12280}.Release|x64.ActiveCfg = Release|x64
		{A1C400B0-925D-4737-9E87-7CCA37C12280}.Release|x64.Build.0 = Release|x64
		{A1C400B0-925D-4737-9E87-7CCA37C12280}.Release|x86.ActiveCfg = Release|Win32
		{A1C400B0-925D-4737-9E87-7CCA37C12280}.Release|x86.Build.0 = Release|Win32
		{BB12B184-BF15-44C8-A342-FDF6C23A8FD5}.Debug|x64.ActiveCfg = Debug|x64
		{BB12B184-BF15-44C8-A342-FDF6C23A8FD5}.Debug|x64.Build.0 = Debug|x64
		{BB12B184-BF15-44C8-A342-FDF6C23A8FD5}.Debug|x86.ActiveCfg = Debug|Win32
		{BB12B184-BF15-44C8-A342-FDF6C23A8FD5}.Debug|x86.Build.0 = Debug|Win32
		{BB12B184-BF15-44C8-A342-FDF6C23A8FD5}.Release|x64.ActiveCfg = Release|x64
		{BB12B184-BF15-44C8-A342-FDF6C23A8FD5}.Release|x64.Build.0 = Release|x64
		{BB12B184-BF15-44C8-A342-FDF6C23A8FD5}.Release|x86.ActiveCfg = Release|Win32
		{BB12B184-BF15-44C8-A342-FDF6C23A8FD5}.Release|x86.Build.0 = Release|Win32
		{8E06A88A-3518-4F89-9BE9-A11368C6D1AD}.Debug|x64.ActiveCfg = Debug|x64
		{8E06A88A-3518-4F89-9BE9-A11368C6D1AD}.Debug|x64.Build.0 = Debug|x64
		{8E06A88A-3518-4F89-9BE9-A11368C6D1AD}.Debug|x86.ActiveCfg = Debug|Win32
		{8E06A88A-3518-4F89-9BE9-A11368C6D1AD}.Debug|x86.Build.0 = Debug|Win32
		{8E06A88A-3518-4F89-9BE9-A11368C6D1AD}.Release|x64.ActiveCfg = Release|x64
		{8E06A88A-3518-4F89-9BE9-A11368C6D1AD}.Release|x64.Build.0 = Release|x64
		{8E06A88A-3518-4F89-9BE9-A11368C6D1AD}.Release|x86.ActiveCfg = Release|Win32
		{8E06A88A-3518-4F89-9BE9-A11368C6D1AD}.Release|x86.Build.0 = Release|Win32
		{4403EB76-5138-4BF0-A95B-F076C9D0956E}.Debug|x64.ActiveCfg = Debug|x64
		{4403EB76-5138-4BF0-A95B-F076C9D0956E}.Debug|x64.Build.0 = Debug|x64
		{4403EB76-5138-4BF0-A95B-F076C9D0956E}.Debug|x86.ActiveCfg = Debug|Win32
		{4403EB76-5138-4BF0-A95B-F076C9D0956E}.Debug|x86.Build.0 = Debug|Win32
		{4403EB76-5138-4BF0-A95B-F076C9D0956E}.Release|x64.ActiveCfg = Release|x64
		{4403EB76-5138-4BF0-A95B-F076C9D0956E}.Release|x64.Build.0 = Release|x64
		{4403EB76-5138-4BF0-A95B-F076C9D0956E}.Release|x86.ActiveCfg = Release|Win32
		{4403EB76-5138-4BF0-A95B-F076C9D0956E}.Release|x86.Build.0 = Release|Win32
		{3293B699-2373-45EB-B723-78E5341D6179}.Debug|x64.ActiveCfg = Debug|x64
		{3293B699-2373-45EB-B723-78E5341D6179}.Debug|x64.Build.0 = Debug|x64
		{3293B699-2373-45EB-B723-78E5341D6179}.Debug|x86.ActiveCfg = Debug|Win32
		{3293B699-2373-45EB-B723-78E5341D6179}.Debug|x86.Build.0 = Debug|Win32
		{3293B699-2373-45EB-B723-78E5341D6179}.Release|x64.ActiveCfg = Release|x64
		{3293B699-2373-45EB-B723-78E5341D6179}.Release|x64.Build.0 = Release|x64
		{3293B699-2373-45EB-B723-78E5341D6179}.Release|x86.ActiveCfg = Release|Win32
		{3293B699-2373-45EB-B723-78E5341D6179}.Release|x86.Build.0 = Release|Win32
		{F7FA1923-58C1-4E03-9EC5-74FD2A4E034B}.Debug|x64.ActiveCfg = Debug|x64
		{F7FA1923-58C1-4E03-9EC5-74FD2A4E034B}.Debug|x64.Build.0 = Debug|x64
		{F7FA1923-58C1-4E03-9EC5-74FD2A4E034B}.Debug|x86.ActiveCfg = Debug|Win32
		{F7FA1923-58C1-4E03-9EC5-74FD2A4E034B}.Debug|x86.Build.0 = Debug|Win32
		{F7FA1923-58C1-4E03-9EC5-74FD2A4E034B}.Release|x64.ActiveCfg = Release|x64
		{F7FA1923-58C1-4E03-9EC5-74FD2A4E034B}.Release|x64.Build.0 = Release|x64
		{F7FA1923-58C1-4E03-9EC5-74FD2A4E034B}.Release|x86.ActiveCfg = Release|Win32
		{F7FA1923-58C1-4E03-9EC5-74FD2A4E034B}.Release|x86.Build.0 = Release|Win32
		{CFD762A8-81BC-4D5E-8A4C-A06D0D8CD4FB}.Debug|x64.ActiveCfg = Debug|x64
		{CFD762A8-81BC-4D5E-8A4C-A06D0D8CD4FB}.Debug|x64.Build.0 = Debug|x64
		{CFD762A8-81BC-4D5E-8A4C-A06D0D8CD4FB}.Debug|x86.ActiveCfg = Debug|Win32
		{CFD762A8-81BC-4D5E-8A4C-A06D0D8CD4FB}.Debug|x86.Build.0 = Debug|Win32
		{CFD762A8-81BC-4D5E-8A4C-A06D0D8CD4FB}.Release|x64.ActiveCfg = Release|x64
		{CFD762A8-81BC-4D5E-8A4C-A06D0D8CD4FB}.Release|x64.Build.0 = Release|x64
		{CFD762A8-81BC-4D5E-8A4C-A06D0D8CD4FB}.Release|x86.ActiveCfg = Release|Win32
		{CFD762A8-81BC-4D5E-8A4C-A06D0D8CD4FB}.Release|x86.Build.0 = Release|Win32
		{3E6F56ED-CBD2-44ED-9DF4-CF5DFD9BC143}.Debug|x64.ActiveCfg = Debug|x64
		{3E6F56ED-CBD2-44ED-9DF4-CF5DFD9BC143}.Debug|x64.Build.0 = Debug|x64
		{3E6F56ED-CBD2-44ED-9DF4-CF5DFD9BC143}.Debug|x86.ActiveCfg = Debug|Win32
		{3E6F56ED-CBD2-44ED-9DF4-CF5DFD9BC143}.Debug|x86.Build.0 = Debug|Win32
		{3E6F56ED-CBD2-44ED-9DF4-CF5DFD9BC143}.Release|x64.ActiveCfg = Release|x64
		{3E6F56ED-CBD2-44ED-9DF4-CF5DFD9BC143}.Release|x64.Build.0 = Release|x64
		{3E6F56ED-CBD2-44ED-9DF4-CF5DFD9BC143}.Release|x86.ActiveCfg = Release|Win32
		{3E6F56ED-CBD2-44ED-9DF4-CF5DFD9BC143}.Release|x86.Build.0 = Release|Win32
		{B6A9B695-E530-418B-ABAB-88E442381C26}.Debug|x64.ActiveCfg = Debug|x64
		{B6A9B695-E530-418B-ABAB-88E442381C26}.Debug|x64.Build.0 = Debug|x64
		{B6A9B695-E530-418B-ABAB-88E442381C26}.Debug|x86.ActiveCfg = Debug|Win32
		{B6A9B695-E530-418B-ABAB-88E442381C26}.Debug|x86.Build.0 = Debug|Win32
		{B6A9B695-E530-418B-ABAB-88E442381C26}.Release|x64.ActiveCfg = Release|x64
		{B6A9B695-E530-418B-ABAB-88E442381C26}.Release|x64.Build.0 = Release|x64
		{B6A9B695-E530-418B-ABAB-88E442381C26}.Release|x86.ActiveCfg = Release|Win32
		{B6A9B695-E530-418B-ABAB-88E442381C26}.Release|x86.Build.0 = Release|Win32
	EndGlobalSection
	GlobalSection(SolutionProperties) = preSolution
		HideSolutionNode = FALSE
	EndGlobalSection
	GlobalSection(ExtensibilityGlobals) = postSolution
		SolutionGuid = {B116E978-732F-4194-9D63-1469ADAB166F}
	EndGlobalSection
EndGlobal
